// !$*UTF8*$!
{
	archiveVersion = 1;
	classes = {
	};
	objectVersion = 50;
	objects = {

/* Begin PBXBuildFile section */
		3C425AF620B4DA01008C517C /* CoveringBasicsButtonsArray.swift in Sources */ = {isa = PBXBuildFile; fileRef = 3C425AF520B4DA01008C517C /* CoveringBasicsButtonsArray.swift */; };
		3C425AF820B4DA66008C517C /* CollectionLevelsViewController.swift in Sources */ = {isa = PBXBuildFile; fileRef = 3C425AF720B4DA66008C517C /* CollectionLevelsViewController.swift */; };
		3C425AFA20B4DA87008C517C /* PinterestLayout.swift in Sources */ = {isa = PBXBuildFile; fileRef = 3C425AF920B4DA87008C517C /* PinterestLayout.swift */; };
		3C425AFC20B4DABC008C517C /* DescriptionViewController.swift in Sources */ = {isa = PBXBuildFile; fileRef = 3C425AFB20B4DABC008C517C /* DescriptionViewController.swift */; };
		3C425AFE20B4DB01008C517C /* DescriptionTableViewCell.swift in Sources */ = {isa = PBXBuildFile; fileRef = 3C425AFD20B4DB01008C517C /* DescriptionTableViewCell.swift */; };
		3C425B0020B4DB23008C517C /* DescriptionStructures.swift in Sources */ = {isa = PBXBuildFile; fileRef = 3C425AFF20B4DB23008C517C /* DescriptionStructures.swift */; };
		3C5FF0A620B3346600D1E233 /* AppDelegate.swift in Sources */ = {isa = PBXBuildFile; fileRef = 3C5FF0A520B3346600D1E233 /* AppDelegate.swift */; };
		3C5FF0A820B3346600D1E233 /* ViewController.swift in Sources */ = {isa = PBXBuildFile; fileRef = 3C5FF0A720B3346600D1E233 /* ViewController.swift */; };
		3C5FF0AB20B3346600D1E233 /* Main.storyboard in Resources */ = {isa = PBXBuildFile; fileRef = 3C5FF0A920B3346600D1E233 /* Main.storyboard */; };
		3C5FF0AE20B3346600D1E233 /* StockTraderII.xcdatamodeld in Sources */ = {isa = PBXBuildFile; fileRef = 3C5FF0AC20B3346600D1E233 /* StockTraderII.xcdatamodeld */; };
		3C5FF0B020B3346700D1E233 /* Assets.xcassets in Resources */ = {isa = PBXBuildFile; fileRef = 3C5FF0AF20B3346700D1E233 /* Assets.xcassets */; };
		3C5FF0B320B3346700D1E233 /* LaunchScreen.storyboard in Resources */ = {isa = PBXBuildFile; fileRef = 3C5FF0B120B3346700D1E233 /* LaunchScreen.storyboard */; };
/* End PBXBuildFile section */

/* Begin PBXFileReference section */
		3C425AF520B4DA01008C517C /* CoveringBasicsButtonsArray.swift */ = {isa = PBXFileReference; lastKnownFileType = sourcecode.swift; path = CoveringBasicsButtonsArray.swift; sourceTree = "<group>"; };
		3C425AF720B4DA66008C517C /* CollectionLevelsViewController.swift */ = {isa = PBXFileReference; lastKnownFileType = sourcecode.swift; path = CollectionLevelsViewController.swift; sourceTree = "<group>"; };
		3C425AF920B4DA87008C517C /* PinterestLayout.swift */ = {isa = PBXFileReference; lastKnownFileType = sourcecode.swift; path = PinterestLayout.swift; sourceTree = "<group>"; };
		3C425AFB20B4DABC008C517C /* DescriptionViewController.swift */ = {isa = PBXFileReference; lastKnownFileType = sourcecode.swift; path = DescriptionViewController.swift; sourceTree = "<group>"; };
		3C425AFD20B4DB01008C517C /* DescriptionTableViewCell.swift */ = {isa = PBXFileReference; lastKnownFileType = sourcecode.swift; path = DescriptionTableViewCell.swift; sourceTree = "<group>"; };
		3C425AFF20B4DB23008C517C /* DescriptionStructures.swift */ = {isa = PBXFileReference; lastKnownFileType = sourcecode.swift; path = DescriptionStructures.swift; sourceTree = "<group>"; };
		3C5FF0A220B3346600D1E233 /* StockTraderII.app */ = {isa = PBXFileReference; explicitFileType = wrapper.application; includeInIndex = 0; path = StockTraderII.app; sourceTree = BUILT_PRODUCTS_DIR; };
		3C5FF0A520B3346600D1E233 /* AppDelegate.swift */ = {isa = PBXFileReference; lastKnownFileType = sourcecode.swift; path = AppDelegate.swift; sourceTree = "<group>"; };
		3C5FF0A720B3346600D1E233 /* ViewController.swift */ = {isa = PBXFileReference; lastKnownFileType = sourcecode.swift; path = ViewController.swift; sourceTree = "<group>"; };
		3C5FF0AA20B3346600D1E233 /* Base */ = {isa = PBXFileReference; lastKnownFileType = file.storyboard; name = Base; path = Base.lproj/Main.storyboard; sourceTree = "<group>"; };
		3C5FF0AD20B3346600D1E233 /* StockTraderII.xcdatamodel */ = {isa = PBXFileReference; lastKnownFileType = wrapper.xcdatamodel; path = StockTraderII.xcdatamodel; sourceTree = "<group>"; };
		3C5FF0AF20B3346700D1E233 /* Assets.xcassets */ = {isa = PBXFileReference; lastKnownFileType = folder.assetcatalog; path = Assets.xcassets; sourceTree = "<group>"; };
		3C5FF0B220B3346700D1E233 /* Base */ = {isa = PBXFileReference; lastKnownFileType = file.storyboard; name = Base; path = Base.lproj/LaunchScreen.storyboard; sourceTree = "<group>"; };
		3C5FF0B420B3346700D1E233 /* Info.plist */ = {isa = PBXFileReference; lastKnownFileType = text.plist.xml; path = Info.plist; sourceTree = "<group>"; };
/* End PBXFileReference section */

/* Begin PBXFrameworksBuildPhase section */
		3C5FF09F20B3346600D1E233 /* Frameworks */ = {
			isa = PBXFrameworksBuildPhase;
			buildActionMask = 2147483647;
			files = (
			);
			runOnlyForDeploymentPostprocessing = 0;
		};
/* End PBXFrameworksBuildPhase section */

/* Begin PBXGroup section */
		3C5FF09920B3346600D1E233 = {
			isa = PBXGroup;
			children = (
				3C5FF0A420B3346600D1E233 /* StockTraderII */,
				3C5FF0A320B3346600D1E233 /* Products */,
			);
			sourceTree = "<group>";
		};
		3C5FF0A320B3346600D1E233 /* Products */ = {
			isa = PBXGroup;
			children = (
				3C5FF0A220B3346600D1E233 /* StockTraderII.app */,
			);
			name = Products;
			sourceTree = "<group>";
		};
		3C5FF0A420B3346600D1E233 /* StockTraderII */ = {
			isa = PBXGroup;
			children = (
				3C5FF0A520B3346600D1E233 /* AppDelegate.swift */,
				3C5FF0A720B3346600D1E233 /* ViewController.swift */,
				3C425AF520B4DA01008C517C /* CoveringBasicsButtonsArray.swift */,
				3C425AF720B4DA66008C517C /* CollectionLevelsViewController.swift */,
				3C425AF920B4DA87008C517C /* PinterestLayout.swift */,
				3C425AFB20B4DABC008C517C /* DescriptionViewController.swift */,
				3C425AFD20B4DB01008C517C /* DescriptionTableViewCell.swift */,
				3C425AFF20B4DB23008C517C /* DescriptionStructures.swift */,
				3C5FF0A920B3346600D1E233 /* Main.storyboard */,
				3C5FF0AF20B3346700D1E233 /* Assets.xcassets */,
				3C5FF0B120B3346700D1E233 /* LaunchScreen.storyboard */,
				3C5FF0B420B3346700D1E233 /* Info.plist */,
				3C5FF0AC20B3346600D1E233 /* StockTraderII.xcdatamodeld */,
			);
			path = StockTraderII;
			sourceTree = "<group>";
		};
/* End PBXGroup section */

/* Begin PBXNativeTarget section */
		3C5FF0A120B3346600D1E233 /* StockTraderII */ = {
			isa = PBXNativeTarget;
			buildConfigurationList = 3C5FF0B720B3346700D1E233 /* Build configuration list for PBXNativeTarget "StockTraderII" */;
			buildPhases = (
				3C5FF09E20B3346600D1E233 /* Sources */,
				3C5FF09F20B3346600D1E233 /* Frameworks */,
				3C5FF0A020B3346600D1E233 /* Resources */,
			);
			buildRules = (
			);
			dependencies = (
			);
			name = StockTraderII;
			productName = StockTraderII;
			productReference = 3C5FF0A220B3346600D1E233 /* StockTraderII.app */;
			productType = "com.apple.product-type.application";
		};
/* End PBXNativeTarget section */

/* Begin PBXProject section */
		3C5FF09A20B3346600D1E233 /* Project object */ = {
			isa = PBXProject;
			attributes = {
				LastSwiftUpdateCheck = 0930;
				LastUpgradeCheck = 0930;
				ORGANIZATIONNAME = "Francisco Ruiz";
				TargetAttributes = {
					3C5FF0A120B3346600D1E233 = {
						CreatedOnToolsVersion = 9.3;
					};
				};
			};
			buildConfigurationList = 3C5FF09D20B3346600D1E233 /* Build configuration list for PBXProject "StockTraderII" */;
			compatibilityVersion = "Xcode 9.3";
			developmentRegion = en;
			hasScannedForEncodings = 0;
			knownRegions = (
				en,
				Base,
			);
			mainGroup = 3C5FF09920B3346600D1E233;
			productRefGroup = 3C5FF0A320B3346600D1E233 /* Products */;
			projectDirPath = "";
			projectRoot = "";
			targets = (
				3C5FF0A120B3346600D1E233 /* StockTraderII */,
			);
		};
/* End PBXProject section */

/* Begin PBXResourcesBuildPhase section */
		3C5FF0A020B3346600D1E233 /* Resources */ = {
			isa = PBXResourcesBuildPhase;
			buildActionMask = 2147483647;
			files = (
				3C5FF0B320B3346700D1E233 /* LaunchScreen.storyboard in Resources */,
				3C5FF0B020B3346700D1E233 /* Assets.xcassets in Resources */,
				3C5FF0AB20B3346600D1E233 /* Main.storyboard in Resources */,
			);
			runOnlyForDeploymentPostprocessing = 0;
		};
/* End PBXResourcesBuildPhase section */

/* Begin PBXSourcesBuildPhase section */
		3C5FF09E20B3346600D1E233 /* Sources */ = {
			isa = PBXSourcesBuildPhase;
			buildActionMask = 2147483647;
			files = (
				3C425AFE20B4DB01008C517C /* DescriptionTableViewCell.swift in Sources */,
				3C425AFA20B4DA87008C517C /* PinterestLayout.swift in Sources */,
				3C425AFC20B4DABC008C517C /* DescriptionViewController.swift in Sources */,
				3C5FF0A820B3346600D1E233 /* ViewController.swift in Sources */,
				3C5FF0A620B3346600D1E233 /* AppDelegate.swift in Sources */,
				3C425AF820B4DA66008C517C /* CollectionLevelsViewController.swift in Sources */,
				3C425B0020B4DB23008C517C /* DescriptionStructures.swift in Sources */,
				3C425AF620B4DA01008C517C /* CoveringBasicsButtonsArray.swift in Sources */,
				3C5FF0AE20B3346600D1E233 /* StockTraderII.xcdatamodeld in Sources */,
			);
			runOnlyForDeploymentPostprocessing = 0;
		};
/* End PBXSourcesBuildPhase section */

/* Begin PBXVariantGroup section */
		3C5FF0A920B3346600D1E233 /* Main.storyboard */ = {
			isa = PBXVariantGroup;
			children = (
				3C5FF0AA20B3346600D1E233 /* Base */,
			);
			name = Main.storyboard;
			sourceTree = "<group>";
		};
		3C5FF0B120B3346700D1E233 /* LaunchScreen.storyboard */ = {
			isa = PBXVariantGroup;
			children = (
				3C5FF0B220B3346700D1E233 /* Base */,
			);
			name = LaunchScreen.storyboard;
			sourceTree = "<group>";
		};
/* End PBXVariantGroup section */

/* Begin XCBuildConfiguration section */
		3C5FF0B520B3346700D1E233 /* Debug */ = {
			isa = XCBuildConfiguration;
			buildSettings = {
				ALWAYS_SEARCH_USER_PATHS = NO;
				CLANG_ANALYZER_NONNULL = YES;
				CLANG_ANALYZER_NUMBER_OBJECT_CONVERSION = YES_AGGRESSIVE;
				CLANG_CXX_LANGUAGE_STANDARD = "gnu++14";
				CLANG_CXX_LIBRARY = "libc++";
				CLANG_ENABLE_MODULES = YES;
				CLANG_ENABLE_OBJC_ARC = YES;
				CLANG_ENABLE_OBJC_WEAK = YES;
				CLANG_WARN_BLOCK_CAPTURE_AUTORELEASING = YES;
				CLANG_WARN_BOOL_CONVERSION = YES;
				CLANG_WARN_COMMA = YES;
				CLANG_WARN_CONSTANT_CONVERSION = YES;
				CLANG_WARN_DEPRECATED_OBJC_IMPLEMENTATIONS = YES;
				CLANG_WARN_DIRECT_OBJC_ISA_USAGE = YES_ERROR;
				CLANG_WARN_DOCUMENTATION_COMMENTS = YES;
				CLANG_WARN_EMPTY_BODY = YES;
				CLANG_WARN_ENUM_CONVERSION = YES;
				CLANG_WARN_INFINITE_RECURSION = YES;
				CLANG_WARN_INT_CONVERSION = YES;
				CLANG_WARN_NON_LITERAL_NULL_CONVERSION = YES;
				CLANG_WARN_OBJC_IMPLICIT_RETAIN_SELF = YES;
				CLANG_WARN_OBJC_LITERAL_CONVERSION = YES;
				CLANG_WARN_OBJC_ROOT_CLASS = YES_ERROR;
				CLANG_WARN_RANGE_LOOP_ANALYSIS = YES;
				CLANG_WARN_STRICT_PROTOTYPES = YES;
				CLANG_WARN_SUSPICIOUS_MOVE = YES;
				CLANG_WARN_UNGUARDED_AVAILABILITY = YES_AGGRESSIVE;
				CLANG_WARN_UNREACHABLE_CODE = YES;
				CLANG_WARN__DUPLICATE_METHOD_MATCH = YES;
				CODE_SIGN_IDENTITY = "iPhone Developer";
				COPY_PHASE_STRIP = NO;
				DEBUG_INFORMATION_FORMAT = dwarf;
				ENABLE_STRICT_OBJC_MSGSEND = YES;
				ENABLE_TESTABILITY = YES;
				GCC_C_LANGUAGE_STANDARD = gnu11;
				GCC_DYNAMIC_NO_PIC = NO;
				GCC_NO_COMMON_BLOCKS = YES;
				GCC_OPTIMIZATION_LEVEL = 0;
				GCC_PREPROCESSOR_DEFINITIONS = (
					"DEBUG=1",
					"$(inherited)",
				);
				GCC_WARN_64_TO_32_BIT_CONVERSION = YES;
				GCC_WARN_ABOUT_RETURN_TYPE = YES_ERROR;
				GCC_WARN_UNDECLARED_SELECTOR = YES;
				GCC_WARN_UNINITIALIZED_AUTOS = YES_AGGRESSIVE;
				GCC_WARN_UNUSED_FUNCTION = YES;
				GCC_WARN_UNUSED_VARIABLE = YES;
				IPHONEOS_DEPLOYMENT_TARGET = 11.3;
				MTL_ENABLE_DEBUG_INFO = YES;
				ONLY_ACTIVE_ARCH = YES;
				SDKROOT = iphoneos;
				SWIFT_ACTIVE_COMPILATION_CONDITIONS = DEBUG;
				SWIFT_OPTIMIZATION_LEVEL = "-Onone";
			};
			name = Debug;
		};
		3C5FF0B620B3346700D1E233 /* Release */ = {
			isa = XCBuildConfiguration;
			buildSettings = {
				ALWAYS_SEARCH_USER_PATHS = NO;
				CLANG_ANALYZER_NONNULL = YES;
				CLANG_ANALYZER_NUMBER_OBJECT_CONVERSION = YES_AGGRESSIVE;
				CLANG_CXX_LANGUAGE_STANDARD = "gnu++14";
				CLANG_CXX_LIBRARY = "libc++";
				CLANG_ENABLE_MODULES = YES;
				CLANG_ENABLE_OBJC_ARC = YES;
				CLANG_ENABLE_OBJC_WEAK = YES;
				CLANG_WARN_BLOCK_CAPTURE_AUTORELEASING = YES;
				CLANG_WARN_BOOL_CONVERSION = YES;
				CLANG_WARN_COMMA = YES;
				CLANG_WARN_CONSTANT_CONVERSION = YES;
				CLANG_WARN_DEPRECATED_OBJC_IMPLEMENTATIONS = YES;
				CLANG_WARN_DIRECT_OBJC_ISA_USAGE = YES_ERROR;
				CLANG_WARN_DOCUMENTATION_COMMENTS = YES;
				CLANG_WARN_EMPTY_BODY = YES;
				CLANG_WARN_ENUM_CONVERSION = YES;
				CLANG_WARN_INFINITE_RECURSION = YES;
				CLANG_WARN_INT_CONVERSION = YES;
				CLANG_WARN_NON_LITERAL_NULL_CONVERSION = YES;
				CLANG_WARN_OBJC_IMPLICIT_RETAIN_SELF = YES;
				CLANG_WARN_OBJC_LITERAL_CONVERSION = YES;
				CLANG_WARN_OBJC_ROOT_CLASS = YES_ERROR;
				CLANG_WARN_RANGE_LOOP_ANALYSIS = YES;
				CLANG_WARN_STRICT_PROTOTYPES = YES;
				CLANG_WARN_SUSPICIOUS_MOVE = YES;
				CLANG_WARN_UNGUARDED_AVAILABILITY = YES_AGGRESSIVE;
				CLANG_WARN_UNREACHABLE_CODE = YES;
				CLANG_WARN__DUPLICATE_METHOD_MATCH = YES;
				CODE_SIGN_IDENTITY = "iPhone Developer";
				COPY_PHASE_STRIP = NO;
				DEBUG_INFORMATION_FORMAT = "dwarf-with-dsym";
				ENABLE_NS_ASSERTIONS = NO;
				ENABLE_STRICT_OBJC_MSGSEND = YES;
				GCC_C_LANGUAGE_STANDARD = gnu11;
				GCC_NO_COMMON_BLOCKS = YES;
				GCC_WARN_64_TO_32_BIT_CONVERSION = YES;
				GCC_WARN_ABOUT_RETURN_TYPE = YES_ERROR;
				GCC_WARN_UNDECLARED_SELECTOR = YES;
				GCC_WARN_UNINITIALIZED_AUTOS = YES_AGGRESSIVE;
				GCC_WARN_UNUSED_FUNCTION = YES;
				GCC_WARN_UNUSED_VARIABLE = YES;
				IPHONEOS_DEPLOYMENT_TARGET = 11.3;
				MTL_ENABLE_DEBUG_INFO = NO;
				SDKROOT = iphoneos;
				SWIFT_COMPILATION_MODE = wholemodule;
				SWIFT_OPTIMIZATION_LEVEL = "-O";
				VALIDATE_PRODUCT = YES;
			};
			name = Release;
		};
		3C5FF0B820B3346700D1E233 /* Debug */ = {
			isa = XCBuildConfiguration;
			buildSettings = {
				ASSETCATALOG_COMPILER_APPICON_NAME = AppIcon;
				CODE_SIGN_STYLE = Automatic;
				DEVELOPMENT_TEAM = KMA2237CFU;
				INFOPLIST_FILE = StockTraderII/Info.plist;
				LD_RUNPATH_SEARCH_PATHS = (
					"$(inherited)",
					"@executable_path/Frameworks",
				);
				PRODUCT_BUNDLE_IDENTIFIER = com.saggitarius.StockTraderII;
				PRODUCT_NAME = "$(TARGET_NAME)";
				SWIFT_VERSION = 4.0;
				TARGETED_DEVICE_FAMILY = "1,2";
			};
			name = Debug;
		};
		3C5FF0B920B3346700D1E233 /* Release */ = {
			isa = XCBuildConfiguration;
			buildSettings = {
				ASSETCATALOG_COMPILER_APPICON_NAME = AppIcon;
				CODE_SIGN_STYLE = Automatic;
				DEVELOPMENT_TEAM = KMA2237CFU;
				INFOPLIST_FILE = StockTraderII/Info.plist;
				LD_RUNPATH_SEARCH_PATHS = (
					"$(inherited)",
					"@executable_path/Frameworks",
				);
				PRODUCT_BUNDLE_IDENTIFIER = com.saggitarius.StockTraderII;
				PRODUCT_NAME = "$(TARGET_NAME)";
				SWIFT_VERSION = 4.0;
				TARGETED_DEVICE_FAMILY = "1,2";
			};
			name = Release;
		};
/* End XCBuildConfiguration section */

/* Begin XCConfigurationList section */
		3C5FF09D20B3346600D1E233 /* Build configuration list for PBXProject "StockTraderII" */ = {
			isa = XCConfigurationList;
			buildConfigurations = (
				3C5FF0B520B3346700D1E233 /* Debug */,
				3C5FF0B620B3346700D1E233 /* Release */,
			);
			defaultConfigurationIsVisible = 0;
			defaultConfigurationName = Release;
		};
		3C5FF0B720B3346700D1E233 /* Build configuration list for PBXNativeTarget "StockTraderII" */ = {
			isa = XCConfigurationList;
			buildConfigurations = (
				3C5FF0B820B3346700D1E233 /* Debug */,
				3C5FF0B920B3346700D1E233 /* Release */,
			);
			defaultConfigurationIsVisible = 0;
			defaultConfigurationName = Release;
		};
/* End XCConfigurationList section */

/* Begin XCVersionGroup section */
		3C5FF0AC20B3346600D1E233 /* StockTraderII.xcdatamodeld */ = {
			isa = XCVersionGroup;
			children = (
				3C5FF0AD20B3346600D1E233 /* StockTraderII.xcdatamodel */,
			);
			currentVersion = 3C5FF0AD20B3346600D1E233 /* StockTraderII.xcdatamodel */;
			path = StockTraderII.xcdatamodeld;
			sourceTree = "<group>";
			versionGroupType = wrapper.xcdatamodel;
		};
/* End XCVersionGroup section */
	};
	rootObject = 3C5FF09A20B3346600D1E233 /* Project object */;
}
